
Microsoft Visual Studio Solution File, Format Version 12.00
# Visual Studio 15
VisualStudioVersion = 15.0.26430.15
MinimumVisualStudioVersion = 10.0.40219.1
Project("{FAE04EC0-301F-11D3-BF4B-00C04F79EFBC}") = "GameStore.UnitTests", "GameStore.UnitTests\GameStore.UnitTests.csproj", "{FE58FD85-531D-45EE-852E-396D0DACD748}"
EndProject
Project("{FAE04EC0-301F-11D3-BF4B-00C04F79EFBC}") = "GameStore.Domain", "GameStore.Domain\GameStore.Domain.csproj", "{FF7B1623-B4D4-412E-8E3C-F8C69F491BB7}"
EndProject
Project("{FAE04EC0-301F-11D3-BF4B-00C04F79EFBC}") = "GameStore.WebUI", "GameStore.WebUI\GameStore.WebUI.csproj", "{2E71AE0C-82E3-47AD-BA5A-789B4E6C405B}"
EndProject
Global
	GlobalSection(SolutionConfigurationPlatforms) = preSolution
		Debug|Any CPU = Debug|Any CPU
		Release|Any CPU = Release|Any CPU
	EndGlobalSection
	GlobalSection(ProjectConfigurationPlatforms) = postSolution
		{FE58FD85-531D-45EE-852E-396D0DACD748}.Debug|Any CPU.ActiveCfg = Debug|Any CPU
		{FE58FD85-531D-45EE-852E-396D0DACD748}.Debug|Any CPU.Build.0 = Debug|Any CPU
		{FE58FD85-531D-45EE-852E-396D0DACD748}.Release|Any CPU.ActiveCfg = Release|Any CPU
		{FE58FD85-531D-45EE-852E-396D0DACD748}.Release|Any CPU.Build.0 = Release|Any CPU
		{FF7B1623-B4D4-412E-8E3C-F8C69F491BB7}.Debug|Any CPU.ActiveCfg = Debug|Any CPU
		{FF7B1623-B4D4-412E-8E3C-F8C69F491BB7}.Debug|Any CPU.Build.0 = Debug|Any CPU
		{FF7B1623-B4D4-412E-8E3C-F8C69F491BB7}.Release|Any CPU.ActiveCfg = Release|Any CPU
		{FF7B1623-B4D4-412E-8E3C-F8C69F491BB7}.Release|Any CPU.Build.0 = Release|Any CPU
		{2E71AE0C-82E3-47AD-BA5A-789B4E6C405B}.Debug|Any CPU.ActiveCfg = Debug|Any CPU
		{2E71AE0C-82E3-47AD-BA5A-789B4E6C405B}.Debug|Any CPU.Build.0 = Debug|Any CPU
		{2E71AE0C-82E3-47AD-BA5A-789B4E6C405B}.Release|Any CPU.ActiveCfg = Release|Any CPU
		{2E71AE0C-82E3-47AD-BA5A-789B4E6C405B}.Release|Any CPU.Build.0 = Release|Any CPU
	EndGlobalSection
	GlobalSection(SolutionProperties) = preSolution
		HideSolutionNode = FALSE
	EndGlobalSection
EndGlobal
